
Microsoft Visual Studio Solution File, Format Version 12.00
# Visual Studio Version 17
VisualStudioVersion = 17.0.32014.148
MinimumVisualStudioVersion = 10.0.40219.1
Project("{9A19103F-16F7-4668-BE54-9A1E7A4F7556}") = "bookstoreserver", "bookstoreserver\bookstoreserver.csproj", "{EB2A7890-C4A2-49D7-8A0F-2AF99999F467}"
EndProject
Project("{2150E333-8FDC-42A3-9474-1A3956D46DE8}") = "Solution Items", "Solution Items", "{F6B5F0FA-90AA-4014-845D-CE46F57FC552}"
	ProjectSection(SolutionItems) = preProject
		.editorconfig = .editorconfig
	EndProjectSection
EndProject
Global
	GlobalSection(SolutionConfigurationPlatforms) = preSolution
		Debug|Any CPU = Debug|Any CPU
		Release|Any CPU = Release|Any CPU
	EndGlobalSection
	GlobalSection(ProjectConfigurationPlatforms) = postSolution
		{EB2A7890-C4A2-49D7-8A0F-2AF99999F467}.Debug|Any CPU.ActiveCfg = Debug|Any CPU
		{EB2A7890-C4A2-49D7-8A0F-2AF99999F467}.Debug|Any CPU.Build.0 = Debug|Any CPU
		{EB2A7890-C4A2-49D7-8A0F-2AF99999F467}.Release|Any CPU.ActiveCfg = Release|Any CPU
		{EB2A7890-C4A2-49D7-8A0F-2AF99999F467}.Release|Any CPU.Build.0 = Release|Any CPU
	EndGlobalSection
	GlobalSection(SolutionProperties) = preSolution
		HideSolutionNode = FALSE
	EndGlobalSection
	GlobalSection(ExtensibilityGlobals) = postSolution
		SolutionGuid = {2652CBFB-D6D3-46BB-A1B6-AA9D6E142FAF}
	EndGlobalSection
EndGlobal
